{
  "nodes": {
    "flake-utils": {
      "locked": {
        "lastModified": 1659877975,
        "narHash": "sha256-zllb8aq3YO3h8B/U0/J1WBgAL8EX5yWf5pMj3G0NAmc=",
        "owner": "numtide",
        "repo": "flake-utils",
        "rev": "c0e246b9b83f637f4681389ecabcb2681b4f3af0",
        "type": "github"
      },
      "original": {
        "owner": "numtide",
        "repo": "flake-utils",
        "type": "github"
      }
    },
    "nimble": {
      "inputs": {
        "nixpkgs": [
          "nixpkgs"
        ]
      },
      "locked": {
        "lastModified": 1665193825,
        "narHash": "sha256-EbLE7IdSZdux1rGyCGBj61YJsU3IO7NnsppNfaH8Atc=",
        "owner": "nix-community",
        "repo": "flake-nimble",
        "rev": "3e2253766dc17eff7dc8b135a0b432b16eec537f",
        "type": "github"
      },
      "original": {
        "owner": "nix-community",
        "repo": "flake-nimble",
        "type": "github"
      }
    },
    "nixpkgs": {
      "locked": {
        "lastModified": 1665081174,
        "narHash": "sha256-6hsmzdhdy8Kbvl5e0xZNE83pW3fKQvNiobJkM6KQrgA=",
        "owner": "NixOS",
        "repo": "nixpkgs",
        "rev": "598f83ebeb2235435189cf84d844b8b73e858e0f",
        "type": "github"
      },
      "original": {
        "owner": "NixOS",
        "ref": "nixos-unstable",
        "repo": "nixpkgs",
        "type": "github"
      }
    },
    "root": {
      "inputs": {
        "flake-utils": "flake-utils",
        "nimble": "nimble",
        "nixpkgs": "nixpkgs"
      }
    }
  },
  "root": "root",
  "version": 7
}
